
Microsoft Visual Studio Solution File, Format Version 12.00
# Visual Studio Version 17
VisualStudioVersion = 17.8.34316.72
MinimumVisualStudioVersion = 10.0.40219.1
Project("{2150E333-8FDC-42A3-9474-1A3956D46DE8}") = "Services", "Services", "{3D4332E4-BC71-4B34-A7B4-2056F98A4A84}"
EndProject
Project("{2150E333-8FDC-42A3-9474-1A3956D46DE8}") = "ApiGateways", "ApiGateways", "{CC1C2F1D-6214-4087-87AD-F60A9DA9B747}"
EndProject
Project("{2150E333-8FDC-42A3-9474-1A3956D46DE8}") = "BuildingBlocks", "BuildingBlocks", "{F7684C26-3FC0-4E45-BE4D-C05132EDB73D}"
EndProject
Project("{2150E333-8FDC-42A3-9474-1A3956D46DE8}") = "Tests", "Tests", "{C0BBD9E6-7739-407C-B46B-72F9D894790B}"
EndProject
Project("{2150E333-8FDC-42A3-9474-1A3956D46DE8}") = "WebApp", "WebApp", "{C943A9C0-52D2-4694-AD47-352E281F30BE}"
EndProject
Project("{2150E333-8FDC-42A3-9474-1A3956D46DE8}") = "Identity", "Identity", "{15196359-B705-45B8-957C-D647790A6C04}"
EndProject
Project("{9A19103F-16F7-4668-BE54-9A1E7A4F7556}") = "Identity.API", "Services\Identity\Identity.API\Identity.API.csproj", "{2531E783-3427-435E-8186-976F17FB273A}"
EndProject
Global
	GlobalSection(SolutionConfigurationPlatforms) = preSolution
		Debug|Any CPU = Debug|Any CPU
		Release|Any CPU = Release|Any CPU
	EndGlobalSection
	GlobalSection(ProjectConfigurationPlatforms) = postSolution
		{2531E783-3427-435E-8186-976F17FB273A}.Debug|Any CPU.ActiveCfg = Debug|Any CPU
		{2531E783-3427-435E-8186-976F17FB273A}.Debug|Any CPU.Build.0 = Debug|Any CPU
		{2531E783-3427-435E-8186-976F17FB273A}.Release|Any CPU.ActiveCfg = Release|Any CPU
		{2531E783-3427-435E-8186-976F17FB273A}.Release|Any CPU.Build.0 = Release|Any CPU
	EndGlobalSection
	GlobalSection(SolutionProperties) = preSolution
		HideSolutionNode = FALSE
	EndGlobalSection
	GlobalSection(NestedProjects) = preSolution
		{15196359-B705-45B8-957C-D647790A6C04} = {3D4332E4-BC71-4B34-A7B4-2056F98A4A84}
		{2531E783-3427-435E-8186-976F17FB273A} = {15196359-B705-45B8-957C-D647790A6C04}
	EndGlobalSection
	GlobalSection(ExtensibilityGlobals) = postSolution
		SolutionGuid = {CAE4A216-6526-496E-94AC-9E83193BD797}
	EndGlobalSection
EndGlobal
