
Microsoft Visual Studio Solution File, Format Version 12.00
# Visual Studio Version 17
VisualStudioVersion = 17.8.34316.72
MinimumVisualStudioVersion = 10.0.40219.1
Project("{2150E333-8FDC-42A3-9474-1A3956D46DE8}") = "Services", "Services", "{3D4332E4-BC71-4B34-A7B4-2056F98A4A84}"
EndProject
Project("{2150E333-8FDC-42A3-9474-1A3956D46DE8}") = "ApiGateways", "ApiGateways", "{CC1C2F1D-6214-4087-87AD-F60A9DA9B747}"
EndProject
Project("{2150E333-8FDC-42A3-9474-1A3956D46DE8}") = "BuildingBlocks", "BuildingBlocks", "{F7684C26-3FC0-4E45-BE4D-C05132EDB73D}"
EndProject
Project("{2150E333-8FDC-42A3-9474-1A3956D46DE8}") = "Tests", "Tests", "{C0BBD9E6-7739-407C-B46B-72F9D894790B}"
EndProject
Project("{2150E333-8FDC-42A3-9474-1A3956D46DE8}") = "WebApp", "WebApp", "{C943A9C0-52D2-4694-AD47-352E281F30BE}"
EndProject
Project("{2150E333-8FDC-42A3-9474-1A3956D46DE8}") = "Identity", "Identity", "{15196359-B705-45B8-957C-D647790A6C04}"
EndProject
Project("{9A19103F-16F7-4668-BE54-9A1E7A4F7556}") = "Identity.API", "Services\Identity\Identity.API\Identity.API.csproj", "{2531E783-3427-435E-8186-976F17FB273A}"
EndProject
Project("{E53339B2-1760-4266-BCC7-CA923CBCF16C}") = "docker-compose", "docker-compose.dcproj", "{465D894E-4DC9-4185-9ECD-47B40A78593E}"
EndProject
Project("{2150E333-8FDC-42A3-9474-1A3956D46DE8}") = "Fake", "Fake", "{9D6EA3D7-8870-44B8-8345-DBBE712925BB}"
EndProject
Project("{9A19103F-16F7-4668-BE54-9A1E7A4F7556}") = "Fake.API", "Services\Fake\Fake.API\Fake.API.csproj", "{AFBD5ED4-0794-4007-889C-31DB9AD0BAD7}"
EndProject
Project("{9A19103F-16F7-4668-BE54-9A1E7A4F7556}") = "Fake.Application", "Services\Fake\Fake.Application\Fake.Application.csproj", "{01822514-D7CF-45C5-A2E2-90838EBDE9BE}"
EndProject
Project("{9A19103F-16F7-4668-BE54-9A1E7A4F7556}") = "Fake.Domain", "Services\Fake\Fake.Domain\Fake.Domain.csproj", "{BEFDEFFB-E329-44D1-A592-80AAA034C00B}"
EndProject
Project("{9A19103F-16F7-4668-BE54-9A1E7A4F7556}") = "Fake.Infrastructure", "Services\Fake\Fake.Infrastructure\Fake.Infrastructure.csproj", "{B54FE458-14DA-4C3E-BB3C-9A8F80B286A2}"
EndProject
Project("{FAE04EC0-301F-11D3-BF4B-00C04F79EFBC}") = "BuildingBlocks.Common", "BuildingBlocks\Common\BuildingBlocks.Common\BuildingBlocks.Common.csproj", "{C7F60A44-4C46-441C-8D81-CBBE33A9DEEB}"
EndProject
Global
	GlobalSection(SolutionConfigurationPlatforms) = preSolution
		Debug|Any CPU = Debug|Any CPU
		Release|Any CPU = Release|Any CPU
	EndGlobalSection
	GlobalSection(ProjectConfigurationPlatforms) = postSolution
		{2531E783-3427-435E-8186-976F17FB273A}.Debug|Any CPU.ActiveCfg = Debug|Any CPU
		{2531E783-3427-435E-8186-976F17FB273A}.Debug|Any CPU.Build.0 = Debug|Any CPU
		{2531E783-3427-435E-8186-976F17FB273A}.Release|Any CPU.ActiveCfg = Release|Any CPU
		{2531E783-3427-435E-8186-976F17FB273A}.Release|Any CPU.Build.0 = Release|Any CPU
		{465D894E-4DC9-4185-9ECD-47B40A78593E}.Debug|Any CPU.ActiveCfg = Debug|Any CPU
		{465D894E-4DC9-4185-9ECD-47B40A78593E}.Debug|Any CPU.Build.0 = Debug|Any CPU
		{465D894E-4DC9-4185-9ECD-47B40A78593E}.Release|Any CPU.ActiveCfg = Release|Any CPU
		{465D894E-4DC9-4185-9ECD-47B40A78593E}.Release|Any CPU.Build.0 = Release|Any CPU
		{AFBD5ED4-0794-4007-889C-31DB9AD0BAD7}.Debug|Any CPU.ActiveCfg = Debug|Any CPU
		{AFBD5ED4-0794-4007-889C-31DB9AD0BAD7}.Debug|Any CPU.Build.0 = Debug|Any CPU
		{AFBD5ED4-0794-4007-889C-31DB9AD0BAD7}.Release|Any CPU.ActiveCfg = Release|Any CPU
		{AFBD5ED4-0794-4007-889C-31DB9AD0BAD7}.Release|Any CPU.Build.0 = Release|Any CPU
		{01822514-D7CF-45C5-A2E2-90838EBDE9BE}.Debug|Any CPU.ActiveCfg = Debug|Any CPU
		{01822514-D7CF-45C5-A2E2-90838EBDE9BE}.Debug|Any CPU.Build.0 = Debug|Any CPU
		{01822514-D7CF-45C5-A2E2-90838EBDE9BE}.Release|Any CPU.ActiveCfg = Release|Any CPU
		{01822514-D7CF-45C5-A2E2-90838EBDE9BE}.Release|Any CPU.Build.0 = Release|Any CPU
		{BEFDEFFB-E329-44D1-A592-80AAA034C00B}.Debug|Any CPU.ActiveCfg = Debug|Any CPU
		{BEFDEFFB-E329-44D1-A592-80AAA034C00B}.Debug|Any CPU.Build.0 = Debug|Any CPU
		{BEFDEFFB-E329-44D1-A592-80AAA034C00B}.Release|Any CPU.ActiveCfg = Release|Any CPU
		{BEFDEFFB-E329-44D1-A592-80AAA034C00B}.Release|Any CPU.Build.0 = Release|Any CPU
		{B54FE458-14DA-4C3E-BB3C-9A8F80B286A2}.Debug|Any CPU.ActiveCfg = Debug|Any CPU
		{B54FE458-14DA-4C3E-BB3C-9A8F80B286A2}.Debug|Any CPU.Build.0 = Debug|Any CPU
		{B54FE458-14DA-4C3E-BB3C-9A8F80B286A2}.Release|Any CPU.ActiveCfg = Release|Any CPU
		{B54FE458-14DA-4C3E-BB3C-9A8F80B286A2}.Release|Any CPU.Build.0 = Release|Any CPU
		{C7F60A44-4C46-441C-8D81-CBBE33A9DEEB}.Debug|Any CPU.ActiveCfg = Debug|Any CPU
		{C7F60A44-4C46-441C-8D81-CBBE33A9DEEB}.Debug|Any CPU.Build.0 = Debug|Any CPU
		{C7F60A44-4C46-441C-8D81-CBBE33A9DEEB}.Release|Any CPU.ActiveCfg = Release|Any CPU
		{C7F60A44-4C46-441C-8D81-CBBE33A9DEEB}.Release|Any CPU.Build.0 = Release|Any CPU
	EndGlobalSection
	GlobalSection(SolutionProperties) = preSolution
		HideSolutionNode = FALSE
	EndGlobalSection
	GlobalSection(NestedProjects) = preSolution
		{15196359-B705-45B8-957C-D647790A6C04} = {3D4332E4-BC71-4B34-A7B4-2056F98A4A84}
		{2531E783-3427-435E-8186-976F17FB273A} = {15196359-B705-45B8-957C-D647790A6C04}
		{9D6EA3D7-8870-44B8-8345-DBBE712925BB} = {3D4332E4-BC71-4B34-A7B4-2056F98A4A84}
		{AFBD5ED4-0794-4007-889C-31DB9AD0BAD7} = {9D6EA3D7-8870-44B8-8345-DBBE712925BB}
		{01822514-D7CF-45C5-A2E2-90838EBDE9BE} = {9D6EA3D7-8870-44B8-8345-DBBE712925BB}
		{BEFDEFFB-E329-44D1-A592-80AAA034C00B} = {9D6EA3D7-8870-44B8-8345-DBBE712925BB}
		{B54FE458-14DA-4C3E-BB3C-9A8F80B286A2} = {9D6EA3D7-8870-44B8-8345-DBBE712925BB}
		{C7F60A44-4C46-441C-8D81-CBBE33A9DEEB} = {F7684C26-3FC0-4E45-BE4D-C05132EDB73D}
	EndGlobalSection
	GlobalSection(ExtensibilityGlobals) = postSolution
		SolutionGuid = {CAE4A216-6526-496E-94AC-9E83193BD797}
	EndGlobalSection
EndGlobal
